// !$*UTF8*$!
{
	archiveVersion = 1;
	classes = {
	};
	objectVersion = 52;
	objects = {

/* Begin PBXBuildFile section */
		4312845E269826CC00FEADF4 /* RxSwift in Frameworks */ = {isa = PBXBuildFile; productRef = 4312845D269826CC00FEADF4 /* RxSwift */; };
		43128460269826CC00FEADF4 /* RxCocoa in Frameworks */ = {isa = PBXBuildFile; productRef = 4312845F269826CC00FEADF4 /* RxCocoa */; };
		43128462269826CC00FEADF4 /* RxRelay in Frameworks */ = {isa = PBXBuildFile; productRef = 43128461269826CC00FEADF4 /* RxRelay */; };
		4312846B269865BA00FEADF4 /* MainWindowController.swift in Sources */ = {isa = PBXBuildFile; fileRef = 4312846A269865BA00FEADF4 /* MainWindowController.swift */; };
		4312846D269867F400FEADF4 /* MainWindow.swift in Sources */ = {isa = PBXBuildFile; fileRef = 4312846C269867F400FEADF4 /* MainWindow.swift */; };
		4312846F2698682E00FEADF4 /* MainContentView.swift in Sources */ = {isa = PBXBuildFile; fileRef = 4312846E2698682E00FEADF4 /* MainContentView.swift */; };
		431284712698692900FEADF4 /* MainContentViewController.swift in Sources */ = {isa = PBXBuildFile; fileRef = 431284702698692900FEADF4 /* MainContentViewController.swift */; };
		43128473269869A000FEADF4 /* Ruler.swift in Sources */ = {isa = PBXBuildFile; fileRef = 43128472269869A000FEADF4 /* Ruler.swift */; };
		431D26602691932000D318FF /* AppDelegate.swift in Sources */ = {isa = PBXBuildFile; fileRef = 431D265F2691932000D318FF /* AppDelegate.swift */; };
		431D26632691932000D318FF /* CopyMe.xcdatamodeld in Sources */ = {isa = PBXBuildFile; fileRef = 431D26612691932000D318FF /* CopyMe.xcdatamodeld */; };
		431D26652691932400D318FF /* Assets.xcassets in Resources */ = {isa = PBXBuildFile; fileRef = 431D26642691932400D318FF /* Assets.xcassets */; };
		431D26682691932400D318FF /* MainMenu.xib in Resources */ = {isa = PBXBuildFile; fileRef = 431D26662691932400D318FF /* MainMenu.xib */; };
		431D26752691CAD800D318FF /* StatusBarMenu.swift in Sources */ = {isa = PBXBuildFile; fileRef = 431D26742691CAD800D318FF /* StatusBarMenu.swift */; };
		4379FAAF2698BD2C005A9F3C /* Actions.swift in Sources */ = {isa = PBXBuildFile; fileRef = 4379FAAE2698BD2C005A9F3C /* Actions.swift */; };
		4379FAB1269C02D7005A9F3C /* CopyMePanelViewController.swift in Sources */ = {isa = PBXBuildFile; fileRef = 4379FAB0269C02D7005A9F3C /* CopyMePanelViewController.swift */; };
		4379FAB3269C0C87005A9F3C /* CopyMePanelView.swift in Sources */ = {isa = PBXBuildFile; fileRef = 4379FAB2269C0C87005A9F3C /* CopyMePanelView.swift */; };
		4379FAB9269C1A9E005A9F3C /* HotKey in Frameworks */ = {isa = PBXBuildFile; productRef = 4379FAB8269C1A9E005A9F3C /* HotKey */; };
		4379FABB269C1D5A005A9F3C /* RXExtension.swift in Sources */ = {isa = PBXBuildFile; fileRef = 4379FABA269C1D5A005A9F3C /* RXExtension.swift */; };
		4379FABD269C58D5005A9F3C /* CopyMeContentitem.swift in Sources */ = {isa = PBXBuildFile; fileRef = 4379FABC269C58D5005A9F3C /* CopyMeContentitem.swift */; };
/* End PBXBuildFile section */

/* Begin PBXFileReference section */
		4312846A269865BA00FEADF4 /* MainWindowController.swift */ = {isa = PBXFileReference; lastKnownFileType = sourcecode.swift; path = MainWindowController.swift; sourceTree = "<group>"; };
		4312846C269867F400FEADF4 /* MainWindow.swift */ = {isa = PBXFileReference; lastKnownFileType = sourcecode.swift; path = MainWindow.swift; sourceTree = "<group>"; };
		4312846E2698682E00FEADF4 /* MainContentView.swift */ = {isa = PBXFileReference; lastKnownFileType = sourcecode.swift; path = MainContentView.swift; sourceTree = "<group>"; };
		431284702698692900FEADF4 /* MainContentViewController.swift */ = {isa = PBXFileReference; lastKnownFileType = sourcecode.swift; path = MainContentViewController.swift; sourceTree = "<group>"; };
		43128472269869A000FEADF4 /* Ruler.swift */ = {isa = PBXFileReference; lastKnownFileType = sourcecode.swift; path = Ruler.swift; sourceTree = "<group>"; };
		431D265C2691932000D318FF /* CopyMe.app */ = {isa = PBXFileReference; explicitFileType = wrapper.application; includeInIndex = 0; path = CopyMe.app; sourceTree = BUILT_PRODUCTS_DIR; };
		431D265F2691932000D318FF /* AppDelegate.swift */ = {isa = PBXFileReference; lastKnownFileType = sourcecode.swift; path = AppDelegate.swift; sourceTree = "<group>"; };
		431D26622691932000D318FF /* CopyMe.xcdatamodel */ = {isa = PBXFileReference; lastKnownFileType = wrapper.xcdatamodel; path = CopyMe.xcdatamodel; sourceTree = "<group>"; };
		431D26642691932400D318FF /* Assets.xcassets */ = {isa = PBXFileReference; lastKnownFileType = folder.assetcatalog; path = Assets.xcassets; sourceTree = "<group>"; };
		431D26672691932400D318FF /* Base */ = {isa = PBXFileReference; lastKnownFileType = file.xib; name = Base; path = Base.lproj/MainMenu.xib; sourceTree = "<group>"; };
		431D26692691932400D318FF /* Info.plist */ = {isa = PBXFileReference; lastKnownFileType = text.plist.xml; path = Info.plist; sourceTree = "<group>"; };
		431D266A2691932400D318FF /* CopyMe.entitlements */ = {isa = PBXFileReference; lastKnownFileType = text.plist.entitlements; path = CopyMe.entitlements; sourceTree = "<group>"; };
		431D26742691CAD800D318FF /* StatusBarMenu.swift */ = {isa = PBXFileReference; lastKnownFileType = sourcecode.swift; path = StatusBarMenu.swift; sourceTree = "<group>"; };
		4379FAAE2698BD2C005A9F3C /* Actions.swift */ = {isa = PBXFileReference; lastKnownFileType = sourcecode.swift; path = Actions.swift; sourceTree = "<group>"; };
		4379FAB0269C02D7005A9F3C /* CopyMePanelViewController.swift */ = {isa = PBXFileReference; lastKnownFileType = sourcecode.swift; path = CopyMePanelViewController.swift; sourceTree = "<group>"; };
		4379FAB2269C0C87005A9F3C /* CopyMePanelView.swift */ = {isa = PBXFileReference; lastKnownFileType = sourcecode.swift; path = CopyMePanelView.swift; sourceTree = "<group>"; };
		4379FABA269C1D5A005A9F3C /* RXExtension.swift */ = {isa = PBXFileReference; lastKnownFileType = sourcecode.swift; path = RXExtension.swift; sourceTree = "<group>"; };
		4379FABC269C58D5005A9F3C /* CopyMeContentitem.swift */ = {isa = PBXFileReference; lastKnownFileType = sourcecode.swift; path = CopyMeContentitem.swift; sourceTree = "<group>"; };
/* End PBXFileReference section */

/* Begin PBXFrameworksBuildPhase section */
		431D26592691932000D318FF /* Frameworks */ = {
			isa = PBXFrameworksBuildPhase;
			buildActionMask = 2147483647;
			files = (
				43128462269826CC00FEADF4 /* RxRelay in Frameworks */,
				43128460269826CC00FEADF4 /* RxCocoa in Frameworks */,
				4379FAB9269C1A9E005A9F3C /* HotKey in Frameworks */,
				4312845E269826CC00FEADF4 /* RxSwift in Frameworks */,
			);
			runOnlyForDeploymentPostprocessing = 0;
		};
/* End PBXFrameworksBuildPhase section */

/* Begin PBXGroup section */
		431284652698643500FEADF4 /* Util */ = {
			isa = PBXGroup;
			children = (
				43128472269869A000FEADF4 /* Ruler.swift */,
				4379FAAE2698BD2C005A9F3C /* Actions.swift */,
				4379FABA269C1D5A005A9F3C /* RXExtension.swift */,
			);
			path = Util;
			sourceTree = "<group>";
		};
		431284662698643500FEADF4 /* Model */ = {
			isa = PBXGroup;
			children = (
			);
			path = Model;
			sourceTree = "<group>";
		};
		431284672698643500FEADF4 /* Config */ = {
			isa = PBXGroup;
			children = (
				431D26742691CAD800D318FF /* StatusBarMenu.swift */,
			);
			path = Config;
			sourceTree = "<group>";
		};
		431284682698643500FEADF4 /* View */ = {
			isa = PBXGroup;
			children = (
				4379FAB4269C103A005A9F3C /* Cells */,
				4379FAB6269C103A005A9F3C /* Views */,
				4379FAB5269C103A005A9F3C /* Widget */,
			);
			path = View;
			sourceTree = "<group>";
		};
		431284692698643500FEADF4 /* VC */ = {
			isa = PBXGroup;
			children = (
				4312846A269865BA00FEADF4 /* MainWindowController.swift */,
				431284702698692900FEADF4 /* MainContentViewController.swift */,
				4379FAB0269C02D7005A9F3C /* CopyMePanelViewController.swift */,
			);
			path = VC;
			sourceTree = "<group>";
		};
		431D26532691932000D318FF = {
			isa = PBXGroup;
			children = (
				431D265E2691932000D318FF /* CopyMe */,
				431D265D2691932000D318FF /* Products */,
			);
			sourceTree = "<group>";
		};
		431D265D2691932000D318FF /* Products */ = {
			isa = PBXGroup;
			children = (
				431D265C2691932000D318FF /* CopyMe.app */,
			);
			name = Products;
			sourceTree = "<group>";
		};
		431D265E2691932000D318FF /* CopyMe */ = {
			isa = PBXGroup;
			children = (
				431D265F2691932000D318FF /* AppDelegate.swift */,
				431284672698643500FEADF4 /* Config */,
				431284652698643500FEADF4 /* Util */,
				431284662698643500FEADF4 /* Model */,
				431284692698643500FEADF4 /* VC */,
				431284682698643500FEADF4 /* View */,
				431D26642691932400D318FF /* Assets.xcassets */,
				431D26662691932400D318FF /* MainMenu.xib */,
				431D26692691932400D318FF /* Info.plist */,
				431D266A2691932400D318FF /* CopyMe.entitlements */,
				431D26612691932000D318FF /* CopyMe.xcdatamodeld */,
			);
			path = CopyMe;
			sourceTree = "<group>";
		};
		4379FAB4269C103A005A9F3C /* Cells */ = {
			isa = PBXGroup;
			children = (
				4379FABC269C58D5005A9F3C /* CopyMeContentitem.swift */,
			);
			path = Cells;
			sourceTree = "<group>";
		};
		4379FAB5269C103A005A9F3C /* Widget */ = {
			isa = PBXGroup;
			children = (
			);
			path = Widget;
			sourceTree = "<group>";
		};
		4379FAB6269C103A005A9F3C /* Views */ = {
			isa = PBXGroup;
			children = (
				4312846C269867F400FEADF4 /* MainWindow.swift */,
				4312846E2698682E00FEADF4 /* MainContentView.swift */,
				4379FAB2269C0C87005A9F3C /* CopyMePanelView.swift */,
			);
			path = Views;
			sourceTree = "<group>";
		};
/* End PBXGroup section */

/* Begin PBXNativeTarget section */
		431D265B2691932000D318FF /* CopyMe */ = {
			isa = PBXNativeTarget;
			buildConfigurationList = 431D266D2691932400D318FF /* Build configuration list for PBXNativeTarget "CopyMe" */;
			buildPhases = (
				431D26582691932000D318FF /* Sources */,
				431D26592691932000D318FF /* Frameworks */,
				431D265A2691932000D318FF /* Resources */,
			);
			buildRules = (
			);
			dependencies = (
			);
			name = CopyMe;
			packageProductDependencies = (
				4312845D269826CC00FEADF4 /* RxSwift */,
				4312845F269826CC00FEADF4 /* RxCocoa */,
				43128461269826CC00FEADF4 /* RxRelay */,
				4379FAB8269C1A9E005A9F3C /* HotKey */,
			);
			productName = CopyMe;
			productReference = 431D265C2691932000D318FF /* CopyMe.app */;
			productType = "com.apple.product-type.application";
		};
/* End PBXNativeTarget section */

/* Begin PBXProject section */
		431D26542691932000D318FF /* Project object */ = {
			isa = PBXProject;
			attributes = {
				LastSwiftUpdateCheck = 1240;
				LastUpgradeCheck = 1240;
				TargetAttributes = {
					431D265B2691932000D318FF = {
						CreatedOnToolsVersion = 12.4;
					};
				};
			};
			buildConfigurationList = 431D26572691932000D318FF /* Build configuration list for PBXProject "CopyMe" */;
			compatibilityVersion = "Xcode 9.3";
			developmentRegion = en;
			hasScannedForEncodings = 0;
			knownRegions = (
				en,
				Base,
			);
			mainGroup = 431D26532691932000D318FF;
			packageReferences = (
				4312845C269826CC00FEADF4 /* XCRemoteSwiftPackageReference "RxSwift" */,
				4379FAB7269C1A9E005A9F3C /* XCRemoteSwiftPackageReference "HotKey" */,
			);
			productRefGroup = 431D265D2691932000D318FF /* Products */;
			projectDirPath = "";
			projectRoot = "";
			targets = (
				431D265B2691932000D318FF /* CopyMe */,
			);
		};
/* End PBXProject section */

/* Begin PBXResourcesBuildPhase section */
		431D265A2691932000D318FF /* Resources */ = {
			isa = PBXResourcesBuildPhase;
			buildActionMask = 2147483647;
			files = (
				431D26652691932400D318FF /* Assets.xcassets in Resources */,
				431D26682691932400D318FF /* MainMenu.xib in Resources */,
			);
			runOnlyForDeploymentPostprocessing = 0;
		};
/* End PBXResourcesBuildPhase section */

/* Begin PBXSourcesBuildPhase section */
		431D26582691932000D318FF /* Sources */ = {
			isa = PBXSourcesBuildPhase;
			buildActionMask = 2147483647;
			files = (
				4379FAB3269C0C87005A9F3C /* CopyMePanelView.swift in Sources */,
				431D26752691CAD800D318FF /* StatusBarMenu.swift in Sources */,
				4379FABD269C58D5005A9F3C /* CopyMeContentitem.swift in Sources */,
				431284712698692900FEADF4 /* MainContentViewController.swift in Sources */,
				4312846B269865BA00FEADF4 /* MainWindowController.swift in Sources */,
				4312846F2698682E00FEADF4 /* MainContentView.swift in Sources */,
				431D26632691932000D318FF /* CopyMe.xcdatamodeld in Sources */,
				4379FAAF2698BD2C005A9F3C /* Actions.swift in Sources */,
				43128473269869A000FEADF4 /* Ruler.swift in Sources */,
				431D26602691932000D318FF /* AppDelegate.swift in Sources */,
				4312846D269867F400FEADF4 /* MainWindow.swift in Sources */,
				4379FAB1269C02D7005A9F3C /* CopyMePanelViewController.swift in Sources */,
				4379FABB269C1D5A005A9F3C /* RXExtension.swift in Sources */,
			);
			runOnlyForDeploymentPostprocessing = 0;
		};
/* End PBXSourcesBuildPhase section */

/* Begin PBXVariantGroup section */
		431D26662691932400D318FF /* MainMenu.xib */ = {
			isa = PBXVariantGroup;
			children = (
				431D26672691932400D318FF /* Base */,
			);
			name = MainMenu.xib;
			sourceTree = "<group>";
		};
/* End PBXVariantGroup section */

/* Begin XCBuildConfiguration section */
		431D266B2691932400D318FF /* Debug */ = {
			isa = XCBuildConfiguration;
			buildSettings = {
				ALWAYS_SEARCH_USER_PATHS = NO;
				CLANG_ANALYZER_NONNULL = YES;
				CLANG_ANALYZER_NUMBER_OBJECT_CONVERSION = YES_AGGRESSIVE;
				CLANG_CXX_LANGUAGE_STANDARD = "gnu++14";
				CLANG_CXX_LIBRARY = "libc++";
				CLANG_ENABLE_MODULES = YES;
				CLANG_ENABLE_OBJC_ARC = YES;
				CLANG_ENABLE_OBJC_WEAK = YES;
				CLANG_WARN_BLOCK_CAPTURE_AUTORELEASING = YES;
				CLANG_WARN_BOOL_CONVERSION = YES;
				CLANG_WARN_COMMA = YES;
				CLANG_WARN_CONSTANT_CONVERSION = YES;
				CLANG_WARN_DEPRECATED_OBJC_IMPLEMENTATIONS = YES;
				CLANG_WARN_DIRECT_OBJC_ISA_USAGE = YES_ERROR;
				CLANG_WARN_DOCUMENTATION_COMMENTS = YES;
				CLANG_WARN_EMPTY_BODY = YES;
				CLANG_WARN_ENUM_CONVERSION = YES;
				CLANG_WARN_INFINITE_RECURSION = YES;
				CLANG_WARN_INT_CONVERSION = YES;
				CLANG_WARN_NON_LITERAL_NULL_CONVERSION = YES;
				CLANG_WARN_OBJC_IMPLICIT_RETAIN_SELF = YES;
				CLANG_WARN_OBJC_LITERAL_CONVERSION = YES;
				CLANG_WARN_OBJC_ROOT_CLASS = YES_ERROR;
				CLANG_WARN_QUOTED_INCLUDE_IN_FRAMEWORK_HEADER = YES;
				CLANG_WARN_RANGE_LOOP_ANALYSIS = YES;
				CLANG_WARN_STRICT_PROTOTYPES = YES;
				CLANG_WARN_SUSPICIOUS_MOVE = YES;
				CLANG_WARN_UNGUARDED_AVAILABILITY = YES_AGGRESSIVE;
				CLANG_WARN_UNREACHABLE_CODE = YES;
				CLANG_WARN__DUPLICATE_METHOD_MATCH = YES;
				COPY_PHASE_STRIP = NO;
				DEBUG_INFORMATION_FORMAT = dwarf;
				ENABLE_STRICT_OBJC_MSGSEND = YES;
				ENABLE_TESTABILITY = YES;
				GCC_C_LANGUAGE_STANDARD = gnu11;
				GCC_DYNAMIC_NO_PIC = NO;
				GCC_NO_COMMON_BLOCKS = YES;
				GCC_OPTIMIZATION_LEVEL = 0;
				GCC_PREPROCESSOR_DEFINITIONS = (
					"DEBUG=1",
					"$(inherited)",
				);
				GCC_WARN_64_TO_32_BIT_CONVERSION = YES;
				GCC_WARN_ABOUT_RETURN_TYPE = YES_ERROR;
				GCC_WARN_UNDECLARED_SELECTOR = YES;
				GCC_WARN_UNINITIALIZED_AUTOS = YES_AGGRESSIVE;
				GCC_WARN_UNUSED_FUNCTION = YES;
				GCC_WARN_UNUSED_VARIABLE = YES;
				MACOSX_DEPLOYMENT_TARGET = 10.15;
				MTL_ENABLE_DEBUG_INFO = INCLUDE_SOURCE;
				MTL_FAST_MATH = YES;
				ONLY_ACTIVE_ARCH = YES;
				SDKROOT = macosx;
				SWIFT_ACTIVE_COMPILATION_CONDITIONS = DEBUG;
				SWIFT_OPTIMIZATION_LEVEL = "-Onone";
			};
			name = Debug;
		};
		431D266C2691932400D318FF /* Release */ = {
			isa = XCBuildConfiguration;
			buildSettings = {
				ALWAYS_SEARCH_USER_PATHS = NO;
				CLANG_ANALYZER_NONNULL = YES;
				CLANG_ANALYZER_NUMBER_OBJECT_CONVERSION = YES_AGGRESSIVE;
				CLANG_CXX_LANGUAGE_STANDARD = "gnu++14";
				CLANG_CXX_LIBRARY = "libc++";
				CLANG_ENABLE_MODULES = YES;
				CLANG_ENABLE_OBJC_ARC = YES;
				CLANG_ENABLE_OBJC_WEAK = YES;
				CLANG_WARN_BLOCK_CAPTURE_AUTORELEASING = YES;
				CLANG_WARN_BOOL_CONVERSION = YES;
				CLANG_WARN_COMMA = YES;
				CLANG_WARN_CONSTANT_CONVERSION = YES;
				CLANG_WARN_DEPRECATED_OBJC_IMPLEMENTATIONS = YES;
				CLANG_WARN_DIRECT_OBJC_ISA_USAGE = YES_ERROR;
				CLANG_WARN_DOCUMENTATION_COMMENTS = YES;
				CLANG_WARN_EMPTY_BODY = YES;
				CLANG_WARN_ENUM_CONVERSION = YES;
				CLANG_WARN_INFINITE_RECURSION = YES;
				CLANG_WARN_INT_CONVERSION = YES;
				CLANG_WARN_NON_LITERAL_NULL_CONVERSION = YES;
				CLANG_WARN_OBJC_IMPLICIT_RETAIN_SELF = YES;
				CLANG_WARN_OBJC_LITERAL_CONVERSION = YES;
				CLANG_WARN_OBJC_ROOT_CLASS = YES_ERROR;
				CLANG_WARN_QUOTED_INCLUDE_IN_FRAMEWORK_HEADER = YES;
				CLANG_WARN_RANGE_LOOP_ANALYSIS = YES;
				CLANG_WARN_STRICT_PROTOTYPES = YES;
				CLANG_WARN_SUSPICIOUS_MOVE = YES;
				CLANG_WARN_UNGUARDED_AVAILABILITY = YES_AGGRESSIVE;
				CLANG_WARN_UNREACHABLE_CODE = YES;
				CLANG_WARN__DUPLICATE_METHOD_MATCH = YES;
				COPY_PHASE_STRIP = NO;
				DEBUG_INFORMATION_FORMAT = "dwarf-with-dsym";
				ENABLE_NS_ASSERTIONS = NO;
				ENABLE_STRICT_OBJC_MSGSEND = YES;
				GCC_C_LANGUAGE_STANDARD = gnu11;
				GCC_NO_COMMON_BLOCKS = YES;
				GCC_WARN_64_TO_32_BIT_CONVERSION = YES;
				GCC_WARN_ABOUT_RETURN_TYPE = YES_ERROR;
				GCC_WARN_UNDECLARED_SELECTOR = YES;
				GCC_WARN_UNINITIALIZED_AUTOS = YES_AGGRESSIVE;
				GCC_WARN_UNUSED_FUNCTION = YES;
				GCC_WARN_UNUSED_VARIABLE = YES;
				MACOSX_DEPLOYMENT_TARGET = 10.15;
				MTL_ENABLE_DEBUG_INFO = NO;
				MTL_FAST_MATH = YES;
				SDKROOT = macosx;
				SWIFT_COMPILATION_MODE = wholemodule;
				SWIFT_OPTIMIZATION_LEVEL = "-O";
			};
			name = Release;
		};
		431D266E2691932400D318FF /* Debug */ = {
			isa = XCBuildConfiguration;
			buildSettings = {
				ASSETCATALOG_COMPILER_APPICON_NAME = AppIcon;
				ASSETCATALOG_COMPILER_GLOBAL_ACCENT_COLOR_NAME = AccentColor;
				CODE_SIGN_ENTITLEMENTS = CopyMe/CopyMe.entitlements;
				CODE_SIGN_STYLE = Automatic;
				COMBINE_HIDPI_IMAGES = YES;
				DEVELOPMENT_TEAM = 5B87D4Y65J;
				ENABLE_HARDENED_RUNTIME = YES;
				INFOPLIST_FILE = CopyMe/Info.plist;
				LD_RUNPATH_SEARCH_PATHS = (
					"$(inherited)",
					"@executable_path/../Frameworks",
				);
				MACOSX_DEPLOYMENT_TARGET = 10.15;
				PRODUCT_BUNDLE_IDENTIFIER = com.cottonBuddha.CopyMe;
				PRODUCT_NAME = "$(TARGET_NAME)";
				SWIFT_VERSION = 5.0;
			};
			name = Debug;
		};
		431D266F2691932400D318FF /* Release */ = {
			isa = XCBuildConfiguration;
			buildSettings = {
				ASSETCATALOG_COMPILER_APPICON_NAME = AppIcon;
				ASSETCATALOG_COMPILER_GLOBAL_ACCENT_COLOR_NAME = AccentColor;
				CODE_SIGN_ENTITLEMENTS = CopyMe/CopyMe.entitlements;
				CODE_SIGN_STYLE = Automatic;
				COMBINE_HIDPI_IMAGES = YES;
				DEVELOPMENT_TEAM = 5B87D4Y65J;
				ENABLE_HARDENED_RUNTIME = YES;
				INFOPLIST_FILE = CopyMe/Info.plist;
				LD_RUNPATH_SEARCH_PATHS = (
					"$(inherited)",
					"@executable_path/../Frameworks",
				);
				MACOSX_DEPLOYMENT_TARGET = 10.15;
				PRODUCT_BUNDLE_IDENTIFIER = com.cottonBuddha.CopyMe;
				PRODUCT_NAME = "$(TARGET_NAME)";
				SWIFT_VERSION = 5.0;
			};
			name = Release;
		};
/* End XCBuildConfiguration section */

/* Begin XCConfigurationList section */
		431D26572691932000D318FF /* Build configuration list for PBXProject "CopyMe" */ = {
			isa = XCConfigurationList;
			buildConfigurations = (
				431D266B2691932400D318FF /* Debug */,
				431D266C2691932400D318FF /* Release */,
			);
			defaultConfigurationIsVisible = 0;
			defaultConfigurationName = Release;
		};
		431D266D2691932400D318FF /* Build configuration list for PBXNativeTarget "CopyMe" */ = {
			isa = XCConfigurationList;
			buildConfigurations = (
				431D266E2691932400D318FF /* Debug */,
				431D266F2691932400D318FF /* Release */,
			);
			defaultConfigurationIsVisible = 0;
			defaultConfigurationName = Release;
		};
/* End XCConfigurationList section */

/* Begin XCRemoteSwiftPackageReference section */
		4312845C269826CC00FEADF4 /* XCRemoteSwiftPackageReference "RxSwift" */ = {
			isa = XCRemoteSwiftPackageReference;
			repositoryURL = "https://github.com/ReactiveX/RxSwift";
			requirement = {
				kind = upToNextMajorVersion;
				minimumVersion = 6.2.0;
			};
		};
		4379FAB7269C1A9E005A9F3C /* XCRemoteSwiftPackageReference "HotKey" */ = {
			isa = XCRemoteSwiftPackageReference;
			repositoryURL = "https://github.com/soffes/HotKey";
			requirement = {
				kind = upToNextMajorVersion;
				minimumVersion = 0.1.3;
			};
		};
/* End XCRemoteSwiftPackageReference section */

/* Begin XCSwiftPackageProductDependency section */
		4312845D269826CC00FEADF4 /* RxSwift */ = {
			isa = XCSwiftPackageProductDependency;
			package = 4312845C269826CC00FEADF4 /* XCRemoteSwiftPackageReference "RxSwift" */;
			productName = RxSwift;
		};
		4312845F269826CC00FEADF4 /* RxCocoa */ = {
			isa = XCSwiftPackageProductDependency;
			package = 4312845C269826CC00FEADF4 /* XCRemoteSwiftPackageReference "RxSwift" */;
			productName = RxCocoa;
		};
		43128461269826CC00FEADF4 /* RxRelay */ = {
			isa = XCSwiftPackageProductDependency;
			package = 4312845C269826CC00FEADF4 /* XCRemoteSwiftPackageReference "RxSwift" */;
			productName = RxRelay;
		};
		4379FAB8269C1A9E005A9F3C /* HotKey */ = {
			isa = XCSwiftPackageProductDependency;
			package = 4379FAB7269C1A9E005A9F3C /* XCRemoteSwiftPackageReference "HotKey" */;
			productName = HotKey;
		};
/* End XCSwiftPackageProductDependency section */

/* Begin XCVersionGroup section */
		431D26612691932000D318FF /* CopyMe.xcdatamodeld */ = {
			isa = XCVersionGroup;
			children = (
				431D26622691932000D318FF /* CopyMe.xcdatamodel */,
			);
			currentVersion = 431D26622691932000D318FF /* CopyMe.xcdatamodel */;
			path = CopyMe.xcdatamodeld;
			sourceTree = "<group>";
			versionGroupType = wrapper.xcdatamodel;
		};
/* End XCVersionGroup section */
	};
	rootObject = 431D26542691932000D318FF /* Project object */;
}
